PODS:
  - BCBalancedMultilineLabel (0.2.0)
  - FBSnapshotTestCase/Core (2.0.2)

DEPENDENCIES:
  - BCBalancedMultilineLabel (from `../`)
  - FBSnapshotTestCase/Core

EXTERNAL SOURCES:
  BCBalancedMultilineLabel:
    :path: ../

SPEC CHECKSUMS:
  BCBalancedMultilineLabel: d8432ed3b728abf1bbff4a66c1d8feb1c7fd12c6
  FBSnapshotTestCase: fd500d5b282c4ec60215d26d0b58b0cf271dd0d6

COCOAPODS: 0.37.2
